
Microsoft Visual Studio Solution File, Format Version 12.00
# Visual Studio Version 17
VisualStudioVersion = 17.5.002.0
MinimumVisualStudioVersion = 10.0.40219.1
Project("{9A19103F-16F7-4668-BE54-9A1E7A4F7556}") = "TodoApi", "TodoApi.csproj", "{1CC58DAF-9614-4A77-89F2-BE485A65FADB}"
EndProject
Global
	GlobalSection(SolutionConfigurationPlatforms) = preSolution
		Debug|Any CPU = Debug|Any CPU
		Release|Any CPU = Release|Any CPU
	EndGlobalSection
	GlobalSection(ProjectConfigurationPlatforms) = postSolution
		{1CC58DAF-9614-4A77-89F2-BE485A65FADB}.Debug|Any CPU.ActiveCfg = Debug|Any CPU
		{1CC58DAF-9614-4A77-89F2-BE485A65FADB}.Debug|Any CPU.Build.0 = Debug|Any CPU
		{1CC58DAF-9614-4A77-89F2-BE485A65FADB}.Release|Any CPU.ActiveCfg = Release|Any CPU
		{1CC58DAF-9614-4A77-89F2-BE485A65FADB}.Release|Any CPU.Build.0 = Release|Any CPU
	EndGlobalSection
	GlobalSection(SolutionProperties) = preSolution
		HideSolutionNode = FALSE
	EndGlobalSection
	GlobalSection(ExtensibilityGlobals) = postSolution
		SolutionGuid = {A6200956-F6DE-46A6-9665-DC5AB7AC619D}
	EndGlobalSection
EndGlobal
